
Microsoft Visual Studio Solution File, Format Version 12.00
# Visual Studio Version 17
VisualStudioVersion = 17.2.32210.308
MinimumVisualStudioVersion = 10.0.40219.1
Project("{9A19103F-16F7-4668-BE54-9A1E7A4F7556}") = "text.analyzer.core", "text.analyzer.core\text.analyzer.core.csproj", "{A012DD93-F334-4694-AE99-69E7CCF98D02}"
EndProject
Project("{FAE04EC0-301F-11D3-BF4B-00C04F79EFBC}") = "text.analyzer.data", "text.analyzer.data\text.analyzer.data.csproj", "{025955D3-3F56-4F89-94F0-1A2B995AE3BA}"
EndProject
Global
	GlobalSection(SolutionConfigurationPlatforms) = preSolution
		Debug|Any CPU = Debug|Any CPU
		Release|Any CPU = Release|Any CPU
	EndGlobalSection
	GlobalSection(ProjectConfigurationPlatforms) = postSolution
		{A012DD93-F334-4694-AE99-69E7CCF98D02}.Debug|Any CPU.ActiveCfg = Debug|Any CPU
		{A012DD93-F334-4694-AE99-69E7CCF98D02}.Debug|Any CPU.Build.0 = Debug|Any CPU
		{A012DD93-F334-4694-AE99-69E7CCF98D02}.Release|Any CPU.ActiveCfg = Release|Any CPU
		{A012DD93-F334-4694-AE99-69E7CCF98D02}.Release|Any CPU.Build.0 = Release|Any CPU
		{025955D3-3F56-4F89-94F0-1A2B995AE3BA}.Debug|Any CPU.ActiveCfg = Debug|Any CPU
		{025955D3-3F56-4F89-94F0-1A2B995AE3BA}.Debug|Any CPU.Build.0 = Debug|Any CPU
		{025955D3-3F56-4F89-94F0-1A2B995AE3BA}.Release|Any CPU.ActiveCfg = Release|Any CPU
		{025955D3-3F56-4F89-94F0-1A2B995AE3BA}.Release|Any CPU.Build.0 = Release|Any CPU
	EndGlobalSection
	GlobalSection(SolutionProperties) = preSolution
		HideSolutionNode = FALSE
	EndGlobalSection
	GlobalSection(ExtensibilityGlobals) = postSolution
		SolutionGuid = {F42AD776-31DE-47D6-9B4E-F0C18C03269E}
	EndGlobalSection
EndGlobal
